
Microsoft Visual Studio Solution File, Format Version 12.00
# Visual Studio Version 17
VisualStudioVersion = 17.3.32901.215
MinimumVisualStudioVersion = 10.0.40219.1
Project("{FAE04EC0-301F-11D3-BF4B-00C04F79EFBC}") = "Palindrome", "Palindrome.csproj", "{C8A90E7C-DDCD-419E-A38F-D4736FBA9206}"
EndProject
Global
	GlobalSection(SolutionConfigurationPlatforms) = preSolution
		Debug|Any CPU = Debug|Any CPU
		Release|Any CPU = Release|Any CPU
	EndGlobalSection
	GlobalSection(ProjectConfigurationPlatforms) = postSolution
		{C8A90E7C-DDCD-419E-A38F-D4736FBA9206}.Debug|Any CPU.ActiveCfg = Debug|Any CPU
		{C8A90E7C-DDCD-419E-A38F-D4736FBA9206}.Debug|Any CPU.Build.0 = Debug|Any CPU
		{C8A90E7C-DDCD-419E-A38F-D4736FBA9206}.Release|Any CPU.ActiveCfg = Release|Any CPU
		{C8A90E7C-DDCD-419E-A38F-D4736FBA9206}.Release|Any CPU.Build.0 = Release|Any CPU
	EndGlobalSection
	GlobalSection(SolutionProperties) = preSolution
		HideSolutionNode = FALSE
	EndGlobalSection
	GlobalSection(ExtensibilityGlobals) = postSolution
		SolutionGuid = {14E41D2A-C236-427C-8107-0A0C94EBD683}
	EndGlobalSection
EndGlobal
